// !$*UTF8*$!
{
	archiveVersion = 1;
	classes = {
	};
	objectVersion = 56;
	objects = {

/* Begin PBXBuildFile section */
		A394B1EF2A811F7600AE972F /* AppDelegate.swift in Sources */ = {isa = PBXBuildFile; fileRef = A394B1EE2A811F7600AE972F /* AppDelegate.swift */; };
		A394B1F32A811F7600AE972F /* HomeViewController.swift in Sources */ = {isa = PBXBuildFile; fileRef = A394B1F22A811F7600AE972F /* HomeViewController.swift */; };
		A394B1F82A811F7800AE972F /* Assets.xcassets in Resources */ = {isa = PBXBuildFile; fileRef = A394B1F72A811F7800AE972F /* Assets.xcassets */; };
		A394B1FB2A811F7800AE972F /* LaunchScreen.storyboard in Resources */ = {isa = PBXBuildFile; fileRef = A394B1F92A811F7800AE972F /* LaunchScreen.storyboard */; };
		A394B2372A83CEAB00AE972F /* String+Ex.swift in Sources */ = {isa = PBXBuildFile; fileRef = A394B2362A83CEAB00AE972F /* String+Ex.swift */; };
		A394B23D2A83CF3600AE972F /* Localizable.strings in Resources */ = {isa = PBXBuildFile; fileRef = A394B23F2A83CF3600AE972F /* Localizable.strings */; };
		A394B2422A85328000AE972F /* SelectVerbsViewController.swift in Sources */ = {isa = PBXBuildFile; fileRef = A394B2412A85328000AE972F /* SelectVerbsViewController.swift */; };
		A394B2442A8532B300AE972F /* TrainViewController.swift in Sources */ = {isa = PBXBuildFile; fileRef = A394B2432A8532B300AE972F /* TrainViewController.swift */; };
		A394B2492A85383B00AE972F /* SnapKit in Frameworks */ = {isa = PBXBuildFile; productRef = A394B2482A85383B00AE972F /* SnapKit */; };
/* End PBXBuildFile section */

/* Begin PBXFileReference section */
		A394B1EB2A811F7600AE972F /* Verregular.app */ = {isa = PBXFileReference; explicitFileType = wrapper.application; includeInIndex = 0; path = Verregular.app; sourceTree = BUILT_PRODUCTS_DIR; };
		A394B1EE2A811F7600AE972F /* AppDelegate.swift */ = {isa = PBXFileReference; lastKnownFileType = sourcecode.swift; path = AppDelegate.swift; sourceTree = "<group>"; };
		A394B1F22A811F7600AE972F /* HomeViewController.swift */ = {isa = PBXFileReference; lastKnownFileType = sourcecode.swift; path = HomeViewController.swift; sourceTree = "<group>"; };
		A394B1F72A811F7800AE972F /* Assets.xcassets */ = {isa = PBXFileReference; lastKnownFileType = folder.assetcatalog; path = Assets.xcassets; sourceTree = "<group>"; };
		A394B1FA2A811F7800AE972F /* Base */ = {isa = PBXFileReference; lastKnownFileType = file.storyboard; name = Base; path = Base.lproj/LaunchScreen.storyboard; sourceTree = "<group>"; };
		A394B1FC2A811F7800AE972F /* Info.plist */ = {isa = PBXFileReference; lastKnownFileType = text.plist.xml; path = Info.plist; sourceTree = "<group>"; };
		A394B2362A83CEAB00AE972F /* String+Ex.swift */ = {isa = PBXFileReference; lastKnownFileType = sourcecode.swift; path = "String+Ex.swift"; sourceTree = "<group>"; };
		A394B23E2A83CF3600AE972F /* en */ = {isa = PBXFileReference; lastKnownFileType = text.plist.strings; name = en; path = en.lproj/Localizable.strings; sourceTree = "<group>"; };
		A394B2402A83CF4E00AE972F /* ru */ = {isa = PBXFileReference; lastKnownFileType = text.plist.strings; name = ru; path = ru.lproj/Localizable.strings; sourceTree = "<group>"; };
		A394B2412A85328000AE972F /* SelectVerbsViewController.swift */ = {isa = PBXFileReference; lastKnownFileType = sourcecode.swift; path = SelectVerbsViewController.swift; sourceTree = "<group>"; };
		A394B2432A8532B300AE972F /* TrainViewController.swift */ = {isa = PBXFileReference; lastKnownFileType = sourcecode.swift; path = TrainViewController.swift; sourceTree = "<group>"; };
/* End PBXFileReference section */

/* Begin PBXFrameworksBuildPhase section */
		A394B1E82A811F7600AE972F /* Frameworks */ = {
			isa = PBXFrameworksBuildPhase;
			buildActionMask = 2147483647;
			files = (
				A394B2492A85383B00AE972F /* SnapKit in Frameworks */,
			);
			runOnlyForDeploymentPostprocessing = 0;
		};
/* End PBXFrameworksBuildPhase section */

/* Begin PBXGroup section */
		A394B1E22A811F7600AE972F = {
			isa = PBXGroup;
			children = (
				A394B1ED2A811F7600AE972F /* Verregular */,
				A394B1EC2A811F7600AE972F /* Products */,
			);
			sourceTree = "<group>";
		};
		A394B1EC2A811F7600AE972F /* Products */ = {
			isa = PBXGroup;
			children = (
				A394B1EB2A811F7600AE972F /* Verregular.app */,
			);
			name = Products;
			sourceTree = "<group>";
		};
		A394B1ED2A811F7600AE972F /* Verregular */ = {
			isa = PBXGroup;
			children = (
				A394B1EE2A811F7600AE972F /* AppDelegate.swift */,
				A394B23A2A83CEF300AE972F /* Home */,
				A394B2452A8532C300AE972F /* Select */,
				A394B2462A8532CD00AE972F /* Train */,
				A394B2382A83CEC400AE972F /* Extensions */,
				A394B1F72A811F7800AE972F /* Assets.xcassets */,
				A394B23F2A83CF3600AE972F /* Localizable.strings */,
				A394B1F92A811F7800AE972F /* LaunchScreen.storyboard */,
				A394B1FC2A811F7800AE972F /* Info.plist */,
			);
			path = Verregular;
			sourceTree = "<group>";
		};
		A394B2382A83CEC400AE972F /* Extensions */ = {
			isa = PBXGroup;
			children = (
				A394B2362A83CEAB00AE972F /* String+Ex.swift */,
			);
			path = Extensions;
			sourceTree = "<group>";
		};
		A394B2392A83CEDB00AE972F /* Controller */ = {
			isa = PBXGroup;
			children = (
				A394B1F22A811F7600AE972F /* HomeViewController.swift */,
			);
			path = Controller;
			sourceTree = "<group>";
		};
		A394B23A2A83CEF300AE972F /* Home */ = {
			isa = PBXGroup;
			children = (
				A394B2392A83CEDB00AE972F /* Controller */,
			);
			path = Home;
			sourceTree = "<group>";
		};
		A394B2452A8532C300AE972F /* Select */ = {
			isa = PBXGroup;
			children = (
				A394B2412A85328000AE972F /* SelectVerbsViewController.swift */,
			);
			path = Select;
			sourceTree = "<group>";
		};
		A394B2462A8532CD00AE972F /* Train */ = {
			isa = PBXGroup;
			children = (
				A394B2432A8532B300AE972F /* TrainViewController.swift */,
			);
			path = Train;
			sourceTree = "<group>";
		};
/* End PBXGroup section */

/* Begin PBXNativeTarget section */
		A394B1EA2A811F7600AE972F /* Verregular */ = {
			isa = PBXNativeTarget;
			buildConfigurationList = A394B1FF2A811F7800AE972F /* Build configuration list for PBXNativeTarget "Verregular" */;
			buildPhases = (
				A394B1E72A811F7600AE972F /* Sources */,
				A394B1E82A811F7600AE972F /* Frameworks */,
				A394B1E92A811F7600AE972F /* Resources */,
			);
			buildRules = (
			);
			dependencies = (
			);
			name = Verregular;
			packageProductDependencies = (
				A394B2482A85383B00AE972F /* SnapKit */,
			);
			productName = Verregular;
			productReference = A394B1EB2A811F7600AE972F /* Verregular.app */;
			productType = "com.apple.product-type.application";
		};
/* End PBXNativeTarget section */

/* Begin PBXProject section */
		A394B1E32A811F7600AE972F /* Project object */ = {
			isa = PBXProject;
			attributes = {
				BuildIndependentTargetsInParallel = 1;
				LastSwiftUpdateCheck = 1430;
				LastUpgradeCheck = 1430;
				TargetAttributes = {
					A394B1EA2A811F7600AE972F = {
						CreatedOnToolsVersion = 14.3.1;
					};
				};
			};
			buildConfigurationList = A394B1E62A811F7600AE972F /* Build configuration list for PBXProject "Verregular" */;
			compatibilityVersion = "Xcode 14.0";
			developmentRegion = en;
			hasScannedForEncodings = 0;
			knownRegions = (
				en,
				Base,
				ru,
			);
			mainGroup = A394B1E22A811F7600AE972F;
			packageReferences = (
				A394B2472A85383B00AE972F /* XCRemoteSwiftPackageReference "SnapKit" */,
			);
			productRefGroup = A394B1EC2A811F7600AE972F /* Products */;
			projectDirPath = "";
			projectRoot = "";
			targets = (
				A394B1EA2A811F7600AE972F /* Verregular */,
			);
		};
/* End PBXProject section */

/* Begin PBXResourcesBuildPhase section */
		A394B1E92A811F7600AE972F /* Resources */ = {
			isa = PBXResourcesBuildPhase;
			buildActionMask = 2147483647;
			files = (
				A394B1FB2A811F7800AE972F /* LaunchScreen.storyboard in Resources */,
				A394B23D2A83CF3600AE972F /* Localizable.strings in Resources */,
				A394B1F82A811F7800AE972F /* Assets.xcassets in Resources */,
			);
			runOnlyForDeploymentPostprocessing = 0;
		};
/* End PBXResourcesBuildPhase section */

/* Begin PBXSourcesBuildPhase section */
		A394B1E72A811F7600AE972F /* Sources */ = {
			isa = PBXSourcesBuildPhase;
			buildActionMask = 2147483647;
			files = (
				A394B2372A83CEAB00AE972F /* String+Ex.swift in Sources */,
				A394B1F32A811F7600AE972F /* HomeViewController.swift in Sources */,
				A394B2442A8532B300AE972F /* TrainViewController.swift in Sources */,
				A394B1EF2A811F7600AE972F /* AppDelegate.swift in Sources */,
				A394B2422A85328000AE972F /* SelectVerbsViewController.swift in Sources */,
			);
			runOnlyForDeploymentPostprocessing = 0;
		};
/* End PBXSourcesBuildPhase section */

/* Begin PBXVariantGroup section */
		A394B1F92A811F7800AE972F /* LaunchScreen.storyboard */ = {
			isa = PBXVariantGroup;
			children = (
				A394B1FA2A811F7800AE972F /* Base */,
			);
			name = LaunchScreen.storyboard;
			sourceTree = "<group>";
		};
		A394B23F2A83CF3600AE972F /* Localizable.strings */ = {
			isa = PBXVariantGroup;
			children = (
				A394B23E2A83CF3600AE972F /* en */,
				A394B2402A83CF4E00AE972F /* ru */,
			);
			name = Localizable.strings;
			sourceTree = "<group>";
		};
/* End PBXVariantGroup section */

/* Begin XCBuildConfiguration section */
		A394B1FD2A811F7800AE972F /* Debug */ = {
			isa = XCBuildConfiguration;
			buildSettings = {
				ALWAYS_SEARCH_USER_PATHS = NO;
				CLANG_ANALYZER_LOCALIZABILITY_NONLOCALIZED = YES;
				CLANG_ANALYZER_NONNULL = YES;
				CLANG_ANALYZER_NUMBER_OBJECT_CONVERSION = YES_AGGRESSIVE;
				CLANG_CXX_LANGUAGE_STANDARD = "gnu++20";
				CLANG_ENABLE_MODULES = YES;
				CLANG_ENABLE_OBJC_ARC = YES;
				CLANG_ENABLE_OBJC_WEAK = YES;
				CLANG_WARN_BLOCK_CAPTURE_AUTORELEASING = YES;
				CLANG_WARN_BOOL_CONVERSION = YES;
				CLANG_WARN_COMMA = YES;
				CLANG_WARN_CONSTANT_CONVERSION = YES;
				CLANG_WARN_DEPRECATED_OBJC_IMPLEMENTATIONS = YES;
				CLANG_WARN_DIRECT_OBJC_ISA_USAGE = YES_ERROR;
				CLANG_WARN_DOCUMENTATION_COMMENTS = YES;
				CLANG_WARN_EMPTY_BODY = YES;
				CLANG_WARN_ENUM_CONVERSION = YES;
				CLANG_WARN_INFINITE_RECURSION = YES;
				CLANG_WARN_INT_CONVERSION = YES;
				CLANG_WARN_NON_LITERAL_NULL_CONVERSION = YES;
				CLANG_WARN_OBJC_IMPLICIT_RETAIN_SELF = YES;
				CLANG_WARN_OBJC_LITERAL_CONVERSION = YES;
				CLANG_WARN_OBJC_ROOT_CLASS = YES_ERROR;
				CLANG_WARN_QUOTED_INCLUDE_IN_FRAMEWORK_HEADER = YES;
				CLANG_WARN_RANGE_LOOP_ANALYSIS = YES;
				CLANG_WARN_STRICT_PROTOTYPES = YES;
				CLANG_WARN_SUSPICIOUS_MOVE = YES;
				CLANG_WARN_UNGUARDED_AVAILABILITY = YES_AGGRESSIVE;
				CLANG_WARN_UNREACHABLE_CODE = YES;
				CLANG_WARN__DUPLICATE_METHOD_MATCH = YES;
				COPY_PHASE_STRIP = NO;
				DEBUG_INFORMATION_FORMAT = dwarf;
				ENABLE_STRICT_OBJC_MSGSEND = YES;
				ENABLE_TESTABILITY = YES;
				GCC_C_LANGUAGE_STANDARD = gnu11;
				GCC_DYNAMIC_NO_PIC = NO;
				GCC_NO_COMMON_BLOCKS = YES;
				GCC_OPTIMIZATION_LEVEL = 0;
				GCC_PREPROCESSOR_DEFINITIONS = (
					"DEBUG=1",
					"$(inherited)",
				);
				GCC_WARN_64_TO_32_BIT_CONVERSION = YES;
				GCC_WARN_ABOUT_RETURN_TYPE = YES_ERROR;
				GCC_WARN_UNDECLARED_SELECTOR = YES;
				GCC_WARN_UNINITIALIZED_AUTOS = YES_AGGRESSIVE;
				GCC_WARN_UNUSED_FUNCTION = YES;
				GCC_WARN_UNUSED_VARIABLE = YES;
				IPHONEOS_DEPLOYMENT_TARGET = 16.4;
				MTL_ENABLE_DEBUG_INFO = INCLUDE_SOURCE;
				MTL_FAST_MATH = YES;
				ONLY_ACTIVE_ARCH = YES;
				SDKROOT = iphoneos;
				SWIFT_ACTIVE_COMPILATION_CONDITIONS = DEBUG;
				SWIFT_OPTIMIZATION_LEVEL = "-Onone";
			};
			name = Debug;
		};
		A394B1FE2A811F7800AE972F /* Release */ = {
			isa = XCBuildConfiguration;
			buildSettings = {
				ALWAYS_SEARCH_USER_PATHS = NO;
				CLANG_ANALYZER_LOCALIZABILITY_NONLOCALIZED = YES;
				CLANG_ANALYZER_NONNULL = YES;
				CLANG_ANALYZER_NUMBER_OBJECT_CONVERSION = YES_AGGRESSIVE;
				CLANG_CXX_LANGUAGE_STANDARD = "gnu++20";
				CLANG_ENABLE_MODULES = YES;
				CLANG_ENABLE_OBJC_ARC = YES;
				CLANG_ENABLE_OBJC_WEAK = YES;
				CLANG_WARN_BLOCK_CAPTURE_AUTORELEASING = YES;
				CLANG_WARN_BOOL_CONVERSION = YES;
				CLANG_WARN_COMMA = YES;
				CLANG_WARN_CONSTANT_CONVERSION = YES;
				CLANG_WARN_DEPRECATED_OBJC_IMPLEMENTATIONS = YES;
				CLANG_WARN_DIRECT_OBJC_ISA_USAGE = YES_ERROR;
				CLANG_WARN_DOCUMENTATION_COMMENTS = YES;
				CLANG_WARN_EMPTY_BODY = YES;
				CLANG_WARN_ENUM_CONVERSION = YES;
				CLANG_WARN_INFINITE_RECURSION = YES;
				CLANG_WARN_INT_CONVERSION = YES;
				CLANG_WARN_NON_LITERAL_NULL_CONVERSION = YES;
				CLANG_WARN_OBJC_IMPLICIT_RETAIN_SELF = YES;
				CLANG_WARN_OBJC_LITERAL_CONVERSION = YES;
				CLANG_WARN_OBJC_ROOT_CLASS = YES_ERROR;
				CLANG_WARN_QUOTED_INCLUDE_IN_FRAMEWORK_HEADER = YES;
				CLANG_WARN_RANGE_LOOP_ANALYSIS = YES;
				CLANG_WARN_STRICT_PROTOTYPES = YES;
				CLANG_WARN_SUSPICIOUS_MOVE = YES;
				CLANG_WARN_UNGUARDED_AVAILABILITY = YES_AGGRESSIVE;
				CLANG_WARN_UNREACHABLE_CODE = YES;
				CLANG_WARN__DUPLICATE_METHOD_MATCH = YES;
				COPY_PHASE_STRIP = NO;
				DEBUG_INFORMATION_FORMAT = "dwarf-with-dsym";
				ENABLE_NS_ASSERTIONS = NO;
				ENABLE_STRICT_OBJC_MSGSEND = YES;
				GCC_C_LANGUAGE_STANDARD = gnu11;
				GCC_NO_COMMON_BLOCKS = YES;
				GCC_WARN_64_TO_32_BIT_CONVERSION = YES;
				GCC_WARN_ABOUT_RETURN_TYPE = YES_ERROR;
				GCC_WARN_UNDECLARED_SELECTOR = YES;
				GCC_WARN_UNINITIALIZED_AUTOS = YES_AGGRESSIVE;
				GCC_WARN_UNUSED_FUNCTION = YES;
				GCC_WARN_UNUSED_VARIABLE = YES;
				IPHONEOS_DEPLOYMENT_TARGET = 16.4;
				MTL_ENABLE_DEBUG_INFO = NO;
				MTL_FAST_MATH = YES;
				SDKROOT = iphoneos;
				SWIFT_COMPILATION_MODE = wholemodule;
				SWIFT_OPTIMIZATION_LEVEL = "-O";
				VALIDATE_PRODUCT = YES;
			};
			name = Release;
		};
		A394B2002A811F7800AE972F /* Debug */ = {
			isa = XCBuildConfiguration;
			buildSettings = {
				ASSETCATALOG_COMPILER_APPICON_NAME = AppIcon;
				ASSETCATALOG_COMPILER_GLOBAL_ACCENT_COLOR_NAME = AccentColor;
				CODE_SIGN_STYLE = Automatic;
				CURRENT_PROJECT_VERSION = 1;
				GENERATE_INFOPLIST_FILE = YES;
				INFOPLIST_FILE = Verregular/Info.plist;
				INFOPLIST_KEY_UIApplicationSupportsIndirectInputEvents = YES;
				INFOPLIST_KEY_UILaunchStoryboardName = LaunchScreen;
				INFOPLIST_KEY_UISupportedInterfaceOrientations_iPad = "UIInterfaceOrientationPortrait UIInterfaceOrientationPortraitUpsideDown UIInterfaceOrientationLandscapeLeft UIInterfaceOrientationLandscapeRight";
				INFOPLIST_KEY_UISupportedInterfaceOrientations_iPhone = "UIInterfaceOrientationPortrait UIInterfaceOrientationLandscapeLeft UIInterfaceOrientationLandscapeRight";
				LD_RUNPATH_SEARCH_PATHS = (
					"$(inherited)",
					"@executable_path/Frameworks",
				);
				MARKETING_VERSION = 1.0;
				PRODUCT_BUNDLE_IDENTIFIER = "Marina-Zhuravleva.Verregular";
				PRODUCT_NAME = "$(TARGET_NAME)";
				SWIFT_EMIT_LOC_STRINGS = YES;
				SWIFT_VERSION = 5.0;
				TARGETED_DEVICE_FAMILY = "1,2";
			};
			name = Debug;
		};
		A394B2012A811F7800AE972F /* Release */ = {
			isa = XCBuildConfiguration;
			buildSettings = {
				ASSETCATALOG_COMPILER_APPICON_NAME = AppIcon;
				ASSETCATALOG_COMPILER_GLOBAL_ACCENT_COLOR_NAME = AccentColor;
				CODE_SIGN_STYLE = Automatic;
				CURRENT_PROJECT_VERSION = 1;
				GENERATE_INFOPLIST_FILE = YES;
				INFOPLIST_FILE = Verregular/Info.plist;
				INFOPLIST_KEY_UIApplicationSupportsIndirectInputEvents = YES;
				INFOPLIST_KEY_UILaunchStoryboardName = LaunchScreen;
				INFOPLIST_KEY_UISupportedInterfaceOrientations_iPad = "UIInterfaceOrientationPortrait UIInterfaceOrientationPortraitUpsideDown UIInterfaceOrientationLandscapeLeft UIInterfaceOrientationLandscapeRight";
				INFOPLIST_KEY_UISupportedInterfaceOrientations_iPhone = "UIInterfaceOrientationPortrait UIInterfaceOrientationLandscapeLeft UIInterfaceOrientationLandscapeRight";
				LD_RUNPATH_SEARCH_PATHS = (
					"$(inherited)",
					"@executable_path/Frameworks",
				);
				MARKETING_VERSION = 1.0;
				PRODUCT_BUNDLE_IDENTIFIER = "Marina-Zhuravleva.Verregular";
				PRODUCT_NAME = "$(TARGET_NAME)";
				SWIFT_EMIT_LOC_STRINGS = YES;
				SWIFT_VERSION = 5.0;
				TARGETED_DEVICE_FAMILY = "1,2";
			};
			name = Release;
		};
/* End XCBuildConfiguration section */

/* Begin XCConfigurationList section */
		A394B1E62A811F7600AE972F /* Build configuration list for PBXProject "Verregular" */ = {
			isa = XCConfigurationList;
			buildConfigurations = (
				A394B1FD2A811F7800AE972F /* Debug */,
				A394B1FE2A811F7800AE972F /* Release */,
			);
			defaultConfigurationIsVisible = 0;
			defaultConfigurationName = Release;
		};
		A394B1FF2A811F7800AE972F /* Build configuration list for PBXNativeTarget "Verregular" */ = {
			isa = XCConfigurationList;
			buildConfigurations = (
				A394B2002A811F7800AE972F /* Debug */,
				A394B2012A811F7800AE972F /* Release */,
			);
			defaultConfigurationIsVisible = 0;
			defaultConfigurationName = Release;
		};
/* End XCConfigurationList section */

/* Begin XCRemoteSwiftPackageReference section */
		A394B2472A85383B00AE972F /* XCRemoteSwiftPackageReference "SnapKit" */ = {
			isa = XCRemoteSwiftPackageReference;
			repositoryURL = "https://github.com/SnapKit/SnapKit";
			requirement = {
				kind = upToNextMajorVersion;
				minimumVersion = 5.0.0;
			};
		};
/* End XCRemoteSwiftPackageReference section */

/* Begin XCSwiftPackageProductDependency section */
		A394B2482A85383B00AE972F /* SnapKit */ = {
			isa = XCSwiftPackageProductDependency;
			package = A394B2472A85383B00AE972F /* XCRemoteSwiftPackageReference "SnapKit" */;
			productName = SnapKit;
		};
/* End XCSwiftPackageProductDependency section */
	};
	rootObject = A394B1E32A811F7600AE972F /* Project object */;
}
